
Microsoft Visual Studio Solution File, Format Version 12.00
# Visual Studio Version 17
VisualStudioVersion = 17.3.32819.101
MinimumVisualStudioVersion = 10.0.40219.1
Project("{9A19103F-16F7-4668-BE54-9A1E7A4F7556}") = "DelegateStart", "DelegateStart\DelegateStart.csproj", "{ED25C028-50DE-4CFD-9187-9245A68C5FC3}"
EndProject
Project("{FAE04EC0-301F-11D3-BF4B-00C04F79EFBC}") = "DelegateTerning", "DelegateTerning\DelegateTerning.csproj", "{2B2FAFD2-19E6-4E90-8A6B-0A3146F6A63A}"
EndProject
Project("{FAE04EC0-301F-11D3-BF4B-00C04F79EFBC}") = "DependencyInjectionTerning", "DependencyInjectionTerning\DependencyInjectionTerning.csproj", "{2F22F7D6-8BA8-4C4C-BB31-CEE185E4DCA9}"
EndProject
Global
	GlobalSection(SolutionConfigurationPlatforms) = preSolution
		Debug|Any CPU = Debug|Any CPU
		Release|Any CPU = Release|Any CPU
	EndGlobalSection
	GlobalSection(ProjectConfigurationPlatforms) = postSolution
		{ED25C028-50DE-4CFD-9187-9245A68C5FC3}.Debug|Any CPU.ActiveCfg = Debug|Any CPU
		{ED25C028-50DE-4CFD-9187-9245A68C5FC3}.Debug|Any CPU.Build.0 = Debug|Any CPU
		{ED25C028-50DE-4CFD-9187-9245A68C5FC3}.Release|Any CPU.ActiveCfg = Release|Any CPU
		{ED25C028-50DE-4CFD-9187-9245A68C5FC3}.Release|Any CPU.Build.0 = Release|Any CPU
		{2B2FAFD2-19E6-4E90-8A6B-0A3146F6A63A}.Debug|Any CPU.ActiveCfg = Debug|Any CPU
		{2B2FAFD2-19E6-4E90-8A6B-0A3146F6A63A}.Debug|Any CPU.Build.0 = Debug|Any CPU
		{2B2FAFD2-19E6-4E90-8A6B-0A3146F6A63A}.Release|Any CPU.ActiveCfg = Release|Any CPU
		{2B2FAFD2-19E6-4E90-8A6B-0A3146F6A63A}.Release|Any CPU.Build.0 = Release|Any CPU
		{2F22F7D6-8BA8-4C4C-BB31-CEE185E4DCA9}.Debug|Any CPU.ActiveCfg = Debug|Any CPU
		{2F22F7D6-8BA8-4C4C-BB31-CEE185E4DCA9}.Debug|Any CPU.Build.0 = Debug|Any CPU
		{2F22F7D6-8BA8-4C4C-BB31-CEE185E4DCA9}.Release|Any CPU.ActiveCfg = Release|Any CPU
		{2F22F7D6-8BA8-4C4C-BB31-CEE185E4DCA9}.Release|Any CPU.Build.0 = Release|Any CPU
	EndGlobalSection
	GlobalSection(SolutionProperties) = preSolution
		HideSolutionNode = FALSE
	EndGlobalSection
	GlobalSection(ExtensibilityGlobals) = postSolution
		SolutionGuid = {33E5AED9-78DA-43B5-BC6D-199D3156C8B9}
	EndGlobalSection
EndGlobal
